
Microsoft Visual Studio Solution File, Format Version 12.00
# Visual Studio 2013
VisualStudioVersion = 12.0.30723.0
MinimumVisualStudioVersion = 10.0.40219.1
Project("{FAE04EC0-301F-11D3-BF4B-00C04F79EFBC}") = "HotkeyKanban", "HotkeyKanban\HotkeyKanban.csproj", "{F32BAA9E-D765-4328-8031-1CDBB7A1BD72}"
EndProject
Project("{FAE04EC0-301F-11D3-BF4B-00C04F79EFBC}") = "HotkeyKanban.UI", "HotkeyKanban.UI\HotkeyKanban.UI.csproj", "{C68FE1F1-550D-4BBB-B5CE-68AE0BDA2023}"
EndProject
Project("{FAE04EC0-301F-11D3-BF4B-00C04F79EFBC}") = "HotkeyKanban.tests", "HotkeyKanban.tests\HotkeyKanban.tests.csproj", "{8232ED8E-AFE9-4996-BF07-827F129F46AE}"
EndProject
Global
	GlobalSection(SolutionConfigurationPlatforms) = preSolution
		Debug|Any CPU = Debug|Any CPU
		Debug|Mixed Platforms = Debug|Mixed Platforms
		Debug|x86 = Debug|x86
		Release|Any CPU = Release|Any CPU
		Release|Mixed Platforms = Release|Mixed Platforms
		Release|x86 = Release|x86
	EndGlobalSection
	GlobalSection(ProjectConfigurationPlatforms) = postSolution
		{F32BAA9E-D765-4328-8031-1CDBB7A1BD72}.Debug|Any CPU.ActiveCfg = Debug|Any CPU
		{F32BAA9E-D765-4328-8031-1CDBB7A1BD72}.Debug|Any CPU.Build.0 = Debug|Any CPU
		{F32BAA9E-D765-4328-8031-1CDBB7A1BD72}.Debug|Mixed Platforms.ActiveCfg = Debug|x86
		{F32BAA9E-D765-4328-8031-1CDBB7A1BD72}.Debug|Mixed Platforms.Build.0 = Debug|x86
		{F32BAA9E-D765-4328-8031-1CDBB7A1BD72}.Debug|x86.ActiveCfg = Debug|x86
		{F32BAA9E-D765-4328-8031-1CDBB7A1BD72}.Debug|x86.Build.0 = Debug|x86
		{F32BAA9E-D765-4328-8031-1CDBB7A1BD72}.Release|Any CPU.ActiveCfg = Release|x86
		{F32BAA9E-D765-4328-8031-1CDBB7A1BD72}.Release|Mixed Platforms.ActiveCfg = Release|x86
		{F32BAA9E-D765-4328-8031-1CDBB7A1BD72}.Release|Mixed Platforms.Build.0 = Release|x86
		{F32BAA9E-D765-4328-8031-1CDBB7A1BD72}.Release|x86.ActiveCfg = Release|x86
		{F32BAA9E-D765-4328-8031-1CDBB7A1BD72}.Release|x86.Build.0 = Release|x86
		{C68FE1F1-550D-4BBB-B5CE-68AE0BDA2023}.Debug|Any CPU.ActiveCfg = Debug|Any CPU
		{C68FE1F1-550D-4BBB-B5CE-68AE0BDA2023}.Debug|Any CPU.Build.0 = Debug|Any CPU
		{C68FE1F1-550D-4BBB-B5CE-68AE0BDA2023}.Debug|Mixed Platforms.ActiveCfg = Debug|Any CPU
		{C68FE1F1-550D-4BBB-B5CE-68AE0BDA2023}.Debug|Mixed Platforms.Build.0 = Debug|Any CPU
		{C68FE1F1-550D-4BBB-B5CE-68AE0BDA2023}.Debug|x86.ActiveCfg = Debug|Any CPU
		{C68FE1F1-550D-4BBB-B5CE-68AE0BDA2023}.Release|Any CPU.ActiveCfg = Release|Any CPU
		{C68FE1F1-550D-4BBB-B5CE-68AE0BDA2023}.Release|Any CPU.Build.0 = Release|Any CPU
		{C68FE1F1-550D-4BBB-B5CE-68AE0BDA2023}.Release|Mixed Platforms.ActiveCfg = Release|Any CPU
		{C68FE1F1-550D-4BBB-B5CE-68AE0BDA2023}.Release|Mixed Platforms.Build.0 = Release|Any CPU
		{C68FE1F1-550D-4BBB-B5CE-68AE0BDA2023}.Release|x86.ActiveCfg = Release|Any CPU
		{8232ED8E-AFE9-4996-BF07-827F129F46AE}.Debug|Any CPU.ActiveCfg = Debug|Any CPU
		{8232ED8E-AFE9-4996-BF07-827F129F46AE}.Debug|Any CPU.Build.0 = Debug|Any CPU
		{8232ED8E-AFE9-4996-BF07-827F129F46AE}.Debug|Mixed Platforms.ActiveCfg = Debug|Any CPU
		{8232ED8E-AFE9-4996-BF07-827F129F46AE}.Debug|Mixed Platforms.Build.0 = Debug|Any CPU
		{8232ED8E-AFE9-4996-BF07-827F129F46AE}.Debug|x86.ActiveCfg = Debug|Any CPU
		{8232ED8E-AFE9-4996-BF07-827F129F46AE}.Release|Any CPU.ActiveCfg = Release|Any CPU
		{8232ED8E-AFE9-4996-BF07-827F129F46AE}.Release|Any CPU.Build.0 = Release|Any CPU
		{8232ED8E-AFE9-4996-BF07-827F129F46AE}.Release|Mixed Platforms.ActiveCfg = Release|Any CPU
		{8232ED8E-AFE9-4996-BF07-827F129F46AE}.Release|Mixed Platforms.Build.0 = Release|Any CPU
		{8232ED8E-AFE9-4996-BF07-827F129F46AE}.Release|x86.ActiveCfg = Release|Any CPU
	EndGlobalSection
	GlobalSection(SolutionProperties) = preSolution
		HideSolutionNode = FALSE
	EndGlobalSection
EndGlobal
